
Microsoft Visual Studio Solution File, Format Version 12.00
# Visual Studio Version 17
VisualStudioVersion = 17.13.35931.197 d17.13
MinimumVisualStudioVersion = 10.0.40219.1
Project("{FAE04EC0-301F-11D3-BF4B-00C04F79EFBC}") = "DartsArrangeWasm", "DartsArrangeWasm\DartsArrangeWasm.csproj", "{FF4B2300-79CE-4E45-B300-388D60A72082}"
EndProject
Global
	GlobalSection(SolutionConfigurationPlatforms) = preSolution
		Debug|Any CPU = Debug|Any CPU
		Release|Any CPU = Release|Any CPU
	EndGlobalSection
	GlobalSection(ProjectConfigurationPlatforms) = postSolution
		{FF4B2300-79CE-4E45-B300-388D60A72082}.Debug|Any CPU.ActiveCfg = Debug|Any CPU
		{FF4B2300-79CE-4E45-B300-388D60A72082}.Debug|Any CPU.Build.0 = Debug|Any CPU
		{FF4B2300-79CE-4E45-B300-388D60A72082}.Release|Any CPU.ActiveCfg = Release|Any CPU
		{FF4B2300-79CE-4E45-B300-388D60A72082}.Release|Any CPU.Build.0 = Release|Any CPU
	EndGlobalSection
	GlobalSection(SolutionProperties) = preSolution
		HideSolutionNode = FALSE
	EndGlobalSection
	GlobalSection(ExtensibilityGlobals) = postSolution
		SolutionGuid = {F4002A85-6967-4DF1-BB3A-A16CAF046914}
	EndGlobalSection
EndGlobal
